
Microsoft Visual Studio Solution File, Format Version 12.00
# Visual Studio Express 2012 for Windows Desktop
Project("{8BC9CEB8-8B4A-11D0-8D11-00A0C91BC942}") = "chap.1", "sample1\sample1.vcxproj", "{E3713C68-9617-4376-89DD-47F5AF788668}"
EndProject
Project("{8BC9CEB8-8B4A-11D0-8D11-00A0C91BC942}") = "chap.2", "sample3\sample3.vcxproj", "{1ABC9E72-850F-4171-8E04-3C540D63F457}"
EndProject
Project("{8BC9CEB8-8B4A-11D0-8D11-00A0C91BC942}") = "chap.3", "sample4\sample4.vcxproj", "{C7738D2E-CA7C-46B6-AEDF-F4E4959744C2}"
EndProject
Project("{8BC9CEB8-8B4A-11D0-8D11-00A0C91BC942}") = "chap.3-2", "sample5\sample5.vcxproj", "{63DBD8FC-4391-48C0-A6B6-0526EA41973D}"
EndProject
Project("{8BC9CEB8-8B4A-11D0-8D11-00A0C91BC942}") = "chap.3-3", "sample6\sample6.vcxproj", "{7DDD9C5A-1A87-4913-A272-BA5C58A9005C}"
EndProject
Project("{8BC9CEB8-8B4A-11D0-8D11-00A0C91BC942}") = "chap.3-4", "sample7\sample7.vcxproj", "{0212DCA0-5E7C-4974-9D70-02EDF3068649}"
EndProject
Project("{8BC9CEB8-8B4A-11D0-8D11-00A0C91BC942}") = "chap.3-5", "chap.3-5\chap.3-5.vcxproj", "{1C6BF2F0-443A-4A3D-8BC9-B1FB26665DAA}"
EndProject
Project("{8BC9CEB8-8B4A-11D0-8D11-00A0C91BC942}") = "chap.3-6", "chap.3-6\chap.3-6.vcxproj", "{0C93314F-0FCA-4C61-B4DC-D8B19D17CFB9}"
EndProject
Project("{8BC9CEB8-8B4A-11D0-8D11-00A0C91BC942}") = "chap.3-7", "chap.3-7\chap.3-7.vcxproj", "{5345EAC0-DF90-4E8B-AB11-647A5BA44FAA}"
EndProject
Project("{8BC9CEB8-8B4A-11D0-8D11-00A0C91BC942}") = "chap.3-8", "chap.3-8\chap.3-8.vcxproj", "{00AEA909-9A7D-4F28-9F19-F9EE7104F982}"
EndProject
Project("{8BC9CEB8-8B4A-11D0-8D11-00A0C91BC942}") = "chap.4", "chap.4\chap.4.vcxproj", "{04E3B646-7634-4829-9229-7E0A670B6244}"
EndProject
Project("{8BC9CEB8-8B4A-11D0-8D11-00A0C91BC942}") = "chap.4-1", "chap.4-1\chap.4-1.vcxproj", "{5F945B79-28DE-4598-A54C-9178E02EC5DF}"
EndProject
Project("{8BC9CEB8-8B4A-11D0-8D11-00A0C91BC942}") = "chap.4-2", "chap.4-2\chap.4-2.vcxproj", "{E0329CD5-1734-42AC-B56D-7BD79FC5D1E4}"
EndProject
Project("{8BC9CEB8-8B4A-11D0-8D11-00A0C91BC942}") = "chap.4-3", "chap.4-3\chap.4-3.vcxproj", "{6AB47A6D-EFFE-4853-98AF-F6E8903FEAA4}"
EndProject
Project("{8BC9CEB8-8B4A-11D0-8D11-00A0C91BC942}") = "chap.4-4", "chap.4-4\chap.4-4.vcxproj", "{1C66D39E-C12C-473B-B983-9EA2A7FCAAF4}"
EndProject
Project("{8BC9CEB8-8B4A-11D0-8D11-00A0C91BC942}") = "chap.4-5", "chap.4-5\chap.4-5.vcxproj", "{843FEFBC-90BC-46B3-BB3A-05C9EF2632A1}"
EndProject
Project("{8BC9CEB8-8B4A-11D0-8D11-00A0C91BC942}") = "chap.4-6", "chap.4-6\chap.4-6.vcxproj", "{63FD81CA-507F-47C8-BD47-52C92A3FECBC}"
EndProject
Project("{8BC9CEB8-8B4A-11D0-8D11-00A0C91BC942}") = "chap.4-7", "chap.4-7\chap.4-7.vcxproj", "{B4C449AA-4933-4E09-9DEA-E8465D379BDC}"
EndProject
Project("{8BC9CEB8-8B4A-11D0-8D11-00A0C91BC942}") = "chap.4-8", "chap.4-8\chap.4-8.vcxproj", "{079C6087-7287-4BC4-B175-BF14BC45F523}"
EndProject
Project("{8BC9CEB8-8B4A-11D0-8D11-00A0C91BC942}") = "chap.4-9", "chap.4-9\chap.4-9.vcxproj", "{907C8046-FFFA-47A7-8578-9686EF21AD4E}"
EndProject
Project("{8BC9CEB8-8B4A-11D0-8D11-00A0C91BC942}") = "chap.4-10", "chap.4-10\chap.4-10.vcxproj", "{D61C7776-04B9-4313-AB81-C1E569615A97}"
EndProject
Project("{8BC9CEB8-8B4A-11D0-8D11-00A0C91BC942}") = "chap.4-11", "chap.4-11\chap.4-11.vcxproj", "{7C452D3D-14B3-4522-8AD1-E3507BE64113}"
EndProject
Project("{8BC9CEB8-8B4A-11D0-8D11-00A0C91BC942}") = "chap.4-12", "chap.4-12\chap.4-12.vcxproj", "{70F8F6D4-D3DE-4E1A-8632-83D7213B2C7A}"
EndProject
Project("{8BC9CEB8-8B4A-11D0-8D11-00A0C91BC942}") = "chap.4-13", "chap.4-13\chap.4-13.vcxproj", "{F389E1E7-66FD-45BA-B8B3-6DC8F234EF50}"
EndProject
Project("{8BC9CEB8-8B4A-11D0-8D11-00A0C91BC942}") = "chap.5", "chap.5\chap.5.vcxproj", "{F822E758-88E3-422A-885C-D7A4D1C97D29}"
EndProject
Global
	GlobalSection(SolutionConfigurationPlatforms) = preSolution
		Debug|Win32 = Debug|Win32
		Release|Win32 = Release|Win32
	EndGlobalSection
	GlobalSection(ProjectConfigurationPlatforms) = postSolution
		{E3713C68-9617-4376-89DD-47F5AF788668}.Debug|Win32.ActiveCfg = Debug|Win32
		{E3713C68-9617-4376-89DD-47F5AF788668}.Debug|Win32.Build.0 = Debug|Win32
		{E3713C68-9617-4376-89DD-47F5AF788668}.Release|Win32.ActiveCfg = Release|Win32
		{E3713C68-9617-4376-89DD-47F5AF788668}.Release|Win32.Build.0 = Release|Win32
		{1ABC9E72-850F-4171-8E04-3C540D63F457}.Debug|Win32.ActiveCfg = Debug|Win32
		{1ABC9E72-850F-4171-8E04-3C540D63F457}.Debug|Win32.Build.0 = Debug|Win32
		{1ABC9E72-850F-4171-8E04-3C540D63F457}.Release|Win32.ActiveCfg = Release|Win32
		{1ABC9E72-850F-4171-8E04-3C540D63F457}.Release|Win32.Build.0 = Release|Win32
		{C7738D2E-CA7C-46B6-AEDF-F4E4959744C2}.Debug|Win32.ActiveCfg = Debug|Win32
		{C7738D2E-CA7C-46B6-AEDF-F4E4959744C2}.Debug|Win32.Build.0 = Debug|Win32
		{C7738D2E-CA7C-46B6-AEDF-F4E4959744C2}.Release|Win32.ActiveCfg = Release|Win32
		{C7738D2E-CA7C-46B6-AEDF-F4E4959744C2}.Release|Win32.Build.0 = Release|Win32
		{63DBD8FC-4391-48C0-A6B6-0526EA41973D}.Debug|Win32.ActiveCfg = Debug|Win32
		{63DBD8FC-4391-48C0-A6B6-0526EA41973D}.Debug|Win32.Build.0 = Debug|Win32
		{63DBD8FC-4391-48C0-A6B6-0526EA41973D}.Release|Win32.ActiveCfg = Release|Win32
		{63DBD8FC-4391-48C0-A6B6-0526EA41973D}.Release|Win32.Build.0 = Release|Win32
		{7DDD9C5A-1A87-4913-A272-BA5C58A9005C}.Debug|Win32.ActiveCfg = Debug|Win32
		{7DDD9C5A-1A87-4913-A272-BA5C58A9005C}.Debug|Win32.Build.0 = Debug|Win32
		{7DDD9C5A-1A87-4913-A272-BA5C58A9005C}.Release|Win32.ActiveCfg = Release|Win32
		{7DDD9C5A-1A87-4913-A272-BA5C58A9005C}.Release|Win32.Build.0 = Release|Win32
		{0212DCA0-5E7C-4974-9D70-02EDF3068649}.Debug|Win32.ActiveCfg = Debug|Win32
		{0212DCA0-5E7C-4974-9D70-02EDF3068649}.Debug|Win32.Build.0 = Debug|Win32
		{0212DCA0-5E7C-4974-9D70-02EDF3068649}.Release|Win32.ActiveCfg = Release|Win32
		{0212DCA0-5E7C-4974-9D70-02EDF3068649}.Release|Win32.Build.0 = Release|Win32
		{1C6BF2F0-443A-4A3D-8BC9-B1FB26665DAA}.Debug|Win32.ActiveCfg = Debug|Win32
		{1C6BF2F0-443A-4A3D-8BC9-B1FB26665DAA}.Debug|Win32.Build.0 = Debug|Win32
		{1C6BF2F0-443A-4A3D-8BC9-B1FB26665DAA}.Release|Win32.ActiveCfg = Release|Win32
		{1C6BF2F0-443A-4A3D-8BC9-B1FB26665DAA}.Release|Win32.Build.0 = Release|Win32
		{0C93314F-0FCA-4C61-B4DC-D8B19D17CFB9}.Debug|Win32.ActiveCfg = Debug|Win32
		{0C93314F-0FCA-4C61-B4DC-D8B19D17CFB9}.Debug|Win32.Build.0 = Debug|Win32
		{0C93314F-0FCA-4C61-B4DC-D8B19D17CFB9}.Release|Win32.ActiveCfg = Release|Win32
		{0C93314F-0FCA-4C61-B4DC-D8B19D17CFB9}.Release|Win32.Build.0 = Release|Win32
		{5345EAC0-DF90-4E8B-AB11-647A5BA44FAA}.Debug|Win32.ActiveCfg = Debug|Win32
		{5345EAC0-DF90-4E8B-AB11-647A5BA44FAA}.Debug|Win32.Build.0 = Debug|Win32
		{5345EAC0-DF90-4E8B-AB11-647A5BA44FAA}.Release|Win32.ActiveCfg = Release|Win32
		{5345EAC0-DF90-4E8B-AB11-647A5BA44FAA}.Release|Win32.Build.0 = Release|Win32
		{00AEA909-9A7D-4F28-9F19-F9EE7104F982}.Debug|Win32.ActiveCfg = Debug|Win32
		{00AEA909-9A7D-4F28-9F19-F9EE7104F982}.Debug|Win32.Build.0 = Debug|Win32
		{00AEA909-9A7D-4F28-9F19-F9EE7104F982}.Release|Win32.ActiveCfg = Release|Win32
		{00AEA909-9A7D-4F28-9F19-F9EE7104F982}.Release|Win32.Build.0 = Release|Win32
		{04E3B646-7634-4829-9229-7E0A670B6244}.Debug|Win32.ActiveCfg = Debug|Win32
		{04E3B646-7634-4829-9229-7E0A670B6244}.Debug|Win32.Build.0 = Debug|Win32
		{04E3B646-7634-4829-9229-7E0A670B6244}.Release|Win32.ActiveCfg = Release|Win32
		{04E3B646-7634-4829-9229-7E0A670B6244}.Release|Win32.Build.0 = Release|Win32
		{5F945B79-28DE-4598-A54C-9178E02EC5DF}.Debug|Win32.ActiveCfg = Debug|Win32
		{5F945B79-28DE-4598-A54C-9178E02EC5DF}.Debug|Win32.Build.0 = Debug|Win32
		{5F945B79-28DE-4598-A54C-9178E02EC5DF}.Release|Win32.ActiveCfg = Release|Win32
		{5F945B79-28DE-4598-A54C-9178E02EC5DF}.Release|Win32.Build.0 = Release|Win32
		{E0329CD5-1734-42AC-B56D-7BD79FC5D1E4}.Debug|Win32.ActiveCfg = Debug|Win32
		{E0329CD5-1734-42AC-B56D-7BD79FC5D1E4}.Debug|Win32.Build.0 = Debug|Win32
		{E0329CD5-1734-42AC-B56D-7BD79FC5D1E4}.Release|Win32.ActiveCfg = Release|Win32
		{E0329CD5-1734-42AC-B56D-7BD79FC5D1E4}.Release|Win32.Build.0 = Release|Win32
		{6AB47A6D-EFFE-4853-98AF-F6E8903FEAA4}.Debug|Win32.ActiveCfg = Debug|Win32
		{6AB47A6D-EFFE-4853-98AF-F6E8903FEAA4}.Debug|Win32.Build.0 = Debug|Win32
		{6AB47A6D-EFFE-4853-98AF-F6E8903FEAA4}.Release|Win32.ActiveCfg = Release|Win32
		{6AB47A6D-EFFE-4853-98AF-F6E8903FEAA4}.Release|Win32.Build.0 = Release|Win32
		{1C66D39E-C12C-473B-B983-9EA2A7FCAAF4}.Debug|Win32.ActiveCfg = Debug|Win32
		{1C66D39E-C12C-473B-B983-9EA2A7FCAAF4}.Debug|Win32.Build.0 = Debug|Win32
		{1C66D39E-C12C-473B-B983-9EA2A7FCAAF4}.Release|Win32.ActiveCfg = Release|Win32
		{1C66D39E-C12C-473B-B983-9EA2A7FCAAF4}.Release|Win32.Build.0 = Release|Win32
		{843FEFBC-90BC-46B3-BB3A-05C9EF2632A1}.Debug|Win32.ActiveCfg = Debug|Win32
		{843FEFBC-90BC-46B3-BB3A-05C9EF2632A1}.Debug|Win32.Build.0 = Debug|Win32
		{843FEFBC-90BC-46B3-BB3A-05C9EF2632A1}.Release|Win32.ActiveCfg = Release|Win32
		{843FEFBC-90BC-46B3-BB3A-05C9EF2632A1}.Release|Win32.Build.0 = Release|Win32
		{63FD81CA-507F-47C8-BD47-52C92A3FECBC}.Debug|Win32.ActiveCfg = Debug|Win32
		{63FD81CA-507F-47C8-BD47-52C92A3FECBC}.Debug|Win32.Build.0 = Debug|Win32
		{63FD81CA-507F-47C8-BD47-52C92A3FECBC}.Release|Win32.ActiveCfg = Release|Win32
		{63FD81CA-507F-47C8-BD47-52C92A3FECBC}.Release|Win32.Build.0 = Release|Win32
		{B4C449AA-4933-4E09-9DEA-E8465D379BDC}.Debug|Win32.ActiveCfg = Debug|Win32
		{B4C449AA-4933-4E09-9DEA-E8465D379BDC}.Debug|Win32.Build.0 = Debug|Win32
		{B4C449AA-4933-4E09-9DEA-E8465D379BDC}.Release|Win32.ActiveCfg = Release|Win32
		{B4C449AA-4933-4E09-9DEA-E8465D379BDC}.Release|Win32.Build.0 = Release|Win32
		{079C6087-7287-4BC4-B175-BF14BC45F523}.Debug|Win32.ActiveCfg = Debug|Win32
		{079C6087-7287-4BC4-B175-BF14BC45F523}.Debug|Win32.Build.0 = Debug|Win32
		{079C6087-7287-4BC4-B175-BF14BC45F523}.Release|Win32.ActiveCfg = Release|Win32
		{079C6087-7287-4BC4-B175-BF14BC45F523}.Release|Win32.Build.0 = Release|Win32
		{907C8046-FFFA-47A7-8578-9686EF21AD4E}.Debug|Win32.ActiveCfg = Debug|Win32
		{907C8046-FFFA-47A7-8578-9686EF21AD4E}.Debug|Win32.Build.0 = Debug|Win32
		{907C8046-FFFA-47A7-8578-9686EF21AD4E}.Release|Win32.ActiveCfg = Release|Win32
		{907C8046-FFFA-47A7-8578-9686EF21AD4E}.Release|Win32.Build.0 = Release|Win32
		{D61C7776-04B9-4313-AB81-C1E569615A97}.Debug|Win32.ActiveCfg = Debug|Win32
		{D61C7776-04B9-4313-AB81-C1E569615A97}.Debug|Win32.Build.0 = Debug|Win32
		{D61C7776-04B9-4313-AB81-C1E569615A97}.Release|Win32.ActiveCfg = Release|Win32
		{D61C7776-04B9-4313-AB81-C1E569615A97}.Release|Win32.Build.0 = Release|Win32
		{7C452D3D-14B3-4522-8AD1-E3507BE64113}.Debug|Win32.ActiveCfg = Debug|Win32
		{7C452D3D-14B3-4522-8AD1-E3507BE64113}.Debug|Win32.Build.0 = Debug|Win32
		{7C452D3D-14B3-4522-8AD1-E3507BE64113}.Release|Win32.ActiveCfg = Release|Win32
		{7C452D3D-14B3-4522-8AD1-E3507BE64113}.Release|Win32.Build.0 = Release|Win32
		{70F8F6D4-D3DE-4E1A-8632-83D7213B2C7A}.Debug|Win32.ActiveCfg = Debug|Win32
		{70F8F6D4-D3DE-4E1A-8632-83D7213B2C7A}.Debug|Win32.Build.0 = Debug|Win32
		{70F8F6D4-D3DE-4E1A-8632-83D7213B2C7A}.Release|Win32.ActiveCfg = Release|Win32
		{70F8F6D4-D3DE-4E1A-8632-83D7213B2C7A}.Release|Win32.Build.0 = Release|Win32
		{F389E1E7-66FD-45BA-B8B3-6DC8F234EF50}.Debug|Win32.ActiveCfg = Debug|Win32
		{F389E1E7-66FD-45BA-B8B3-6DC8F234EF50}.Debug|Win32.Build.0 = Debug|Win32
		{F389E1E7-66FD-45BA-B8B3-6DC8F234EF50}.Release|Win32.ActiveCfg = Release|Win32
		{F389E1E7-66FD-45BA-B8B3-6DC8F234EF50}.Release|Win32.Build.0 = Release|Win32
		{F822E758-88E3-422A-885C-D7A4D1C97D29}.Debug|Win32.ActiveCfg = Debug|Win32
		{F822E758-88E3-422A-885C-D7A4D1C97D29}.Debug|Win32.Build.0 = Debug|Win32
		{F822E758-88E3-422A-885C-D7A4D1C97D29}.Release|Win32.ActiveCfg = Release|Win32
		{F822E758-88E3-422A-885C-D7A4D1C97D29}.Release|Win32.Build.0 = Release|Win32
	EndGlobalSection
	GlobalSection(SolutionProperties) = preSolution
		HideSolutionNode = FALSE
	EndGlobalSection
EndGlobal
